
Microsoft Visual Studio Solution File, Format Version 12.00
# Visual Studio Version 16
VisualStudioVersion = 16.0.29613.14
MinimumVisualStudioVersion = 10.0.40219.1
Project("{FAE04EC0-301F-11D3-BF4B-00C04F79EFBC}") = "Panucci", "Panucci\Panucci.csproj", "{6C5E57B8-9223-4548-A613-620704423A90}"
EndProject
Global
	GlobalSection(SolutionConfigurationPlatforms) = preSolution
		Debug|Any CPU = Debug|Any CPU
		Release|Any CPU = Release|Any CPU
	EndGlobalSection
	GlobalSection(ProjectConfigurationPlatforms) = postSolution
		{6C5E57B8-9223-4548-A613-620704423A90}.Debug|Any CPU.ActiveCfg = Debug|Any CPU
		{6C5E57B8-9223-4548-A613-620704423A90}.Debug|Any CPU.Build.0 = Debug|Any CPU
		{6C5E57B8-9223-4548-A613-620704423A90}.Release|Any CPU.ActiveCfg = Release|Any CPU
		{6C5E57B8-9223-4548-A613-620704423A90}.Release|Any CPU.Build.0 = Release|Any CPU
	EndGlobalSection
	GlobalSection(SolutionProperties) = preSolution
		HideSolutionNode = FALSE
	EndGlobalSection
	GlobalSection(ExtensibilityGlobals) = postSolution
		SolutionGuid = {E771BF95-12D0-4523-994E-62CE4264FBA2}
	EndGlobalSection
EndGlobal
